
Microsoft Visual Studio Solution File, Format Version 12.00
# Visual Studio Version 17
VisualStudioVersion = 17.0.31612.314
MinimumVisualStudioVersion = 10.0.40219.1
Project("{FAE04EC0-301F-11D3-BF4B-00C04F79EFBC}") = "KaelsToolbox", "KaelsToolbox\KaelsToolbox.csproj", "{D223276B-4CC7-4788-BC41-0DC89BCC39A7}"
EndProject
Project("{9A19103F-16F7-4668-BE54-9A1E7A4F7556}") = "Tester_Client", "Tester_Client\Tester_Client.csproj", "{C3E9099E-64CE-46D2-A470-DA9CAB6E7BD6}"
EndProject
Project("{9A19103F-16F7-4668-BE54-9A1E7A4F7556}") = "Server2", "Server2\Server2.csproj", "{6A1687BA-6206-4935-BE14-D709E72AFBDF}"
EndProject
Project("{9A19103F-16F7-4668-BE54-9A1E7A4F7556}") = "KaelsToolBox_2", "KaelsToolBox_2\KaelsToolBox_2.csproj", "{EA47D304-80D6-4F4D-A045-25D187C936F2}"
EndProject
Project("{FAE04EC0-301F-11D3-BF4B-00C04F79EFBC}") = "ConsoleApp", "ConsoleApp\ConsoleApp.csproj", "{A59484DC-5F15-41DE-9AD9-AF54C3B6727C}"
EndProject
Global
	GlobalSection(SolutionConfigurationPlatforms) = preSolution
		Debug|Any CPU = Debug|Any CPU
		Release|Any CPU = Release|Any CPU
	EndGlobalSection
	GlobalSection(ProjectConfigurationPlatforms) = postSolution
		{D223276B-4CC7-4788-BC41-0DC89BCC39A7}.Debug|Any CPU.ActiveCfg = Debug|Any CPU
		{D223276B-4CC7-4788-BC41-0DC89BCC39A7}.Debug|Any CPU.Build.0 = Debug|Any CPU
		{D223276B-4CC7-4788-BC41-0DC89BCC39A7}.Release|Any CPU.ActiveCfg = Release|Any CPU
		{D223276B-4CC7-4788-BC41-0DC89BCC39A7}.Release|Any CPU.Build.0 = Release|Any CPU
		{C3E9099E-64CE-46D2-A470-DA9CAB6E7BD6}.Debug|Any CPU.ActiveCfg = Debug|Any CPU
		{C3E9099E-64CE-46D2-A470-DA9CAB6E7BD6}.Debug|Any CPU.Build.0 = Debug|Any CPU
		{C3E9099E-64CE-46D2-A470-DA9CAB6E7BD6}.Release|Any CPU.ActiveCfg = Release|Any CPU
		{C3E9099E-64CE-46D2-A470-DA9CAB6E7BD6}.Release|Any CPU.Build.0 = Release|Any CPU
		{6A1687BA-6206-4935-BE14-D709E72AFBDF}.Debug|Any CPU.ActiveCfg = Debug|Any CPU
		{6A1687BA-6206-4935-BE14-D709E72AFBDF}.Debug|Any CPU.Build.0 = Debug|Any CPU
		{6A1687BA-6206-4935-BE14-D709E72AFBDF}.Release|Any CPU.ActiveCfg = Release|Any CPU
		{6A1687BA-6206-4935-BE14-D709E72AFBDF}.Release|Any CPU.Build.0 = Release|Any CPU
		{EA47D304-80D6-4F4D-A045-25D187C936F2}.Debug|Any CPU.ActiveCfg = Debug|Any CPU
		{EA47D304-80D6-4F4D-A045-25D187C936F2}.Debug|Any CPU.Build.0 = Debug|Any CPU
		{EA47D304-80D6-4F4D-A045-25D187C936F2}.Release|Any CPU.ActiveCfg = Release|Any CPU
		{EA47D304-80D6-4F4D-A045-25D187C936F2}.Release|Any CPU.Build.0 = Release|Any CPU
		{A59484DC-5F15-41DE-9AD9-AF54C3B6727C}.Debug|Any CPU.ActiveCfg = Debug|Any CPU
		{A59484DC-5F15-41DE-9AD9-AF54C3B6727C}.Debug|Any CPU.Build.0 = Debug|Any CPU
		{A59484DC-5F15-41DE-9AD9-AF54C3B6727C}.Release|Any CPU.ActiveCfg = Release|Any CPU
		{A59484DC-5F15-41DE-9AD9-AF54C3B6727C}.Release|Any CPU.Build.0 = Release|Any CPU
	EndGlobalSection
	GlobalSection(SolutionProperties) = preSolution
		HideSolutionNode = FALSE
	EndGlobalSection
	GlobalSection(ExtensibilityGlobals) = postSolution
		SolutionGuid = {BEE4C538-3512-42F5-958C-BDBBE7DC1062}
	EndGlobalSection
EndGlobal
